# THIS IS AN AUTOGENERATED FILE. DO NOT EDIT THIS FILE DIRECTLY.
# yarn lockfile v1


"@dnd-kit/accessibility@^3.0.0":
  version "3.0.1"
  resolved "https://registry.yarnpkg.com/@dnd-kit/accessibility/-/accessibility-3.0.1.tgz#3ccbefdfca595b0a23a5dc57d3de96bc6935641c"
  integrity sha512-HXRrwS9YUYQO9lFRc/49uO/VICbM+O+ZRpFDe9Pd1rwVv2PCNkRiTZRdxrDgng/UkvdC3Re9r2vwPpXXrWeFzg==
  dependencies:
    tslib "^2.0.0"

"@dnd-kit/core@^6.0.5":
  version "6.0.5"
  resolved "https://registry.yarnpkg.com/@dnd-kit/core/-/core-6.0.5.tgz#5670ad0dcc83cd51dbf2fa8c6a5c8af4ac0c1989"
  integrity sha512-3nL+Zy5cT+1XwsWdlXIvGIFvbuocMyB4NBxTN74DeBaBqeWdH9JsnKwQv7buZQgAHmAH+eIENfS1ginkvW6bCw==
  dependencies:
    "@dnd-kit/accessibility" "^3.0.0"
    "@dnd-kit/utilities" "^3.2.0"
    tslib "^2.0.0"

"@dnd-kit/sortable@^7.0.1":
  version "7.0.1"
  resolved "https://registry.yarnpkg.com/@dnd-kit/sortable/-/sortable-7.0.1.tgz#99c6012bbab4d8bb726c0eef7b921a338c404fdb"
  integrity sha512-n77qAzJQtMMywu25sJzhz3gsHnDOUlEjTtnRl8A87rWIhnu32zuP+7zmFjwGgvqfXmRufqiHOSlH7JPC/tnJ8Q==
  dependencies:
    "@dnd-kit/utilities" "^3.2.0"
    tslib "^2.0.0"

"@dnd-kit/utilities@^3.2.0":
  version "3.2.0"
  resolved "https://registry.yarnpkg.com/@dnd-kit/utilities/-/utilities-3.2.0.tgz#b3e956ea63a1347c9d0e1316b037ddcc6140acda"
  integrity sha512-h65/pn2IPCCIWwdlR2BMLqRkDxpTEONA+HQW3n765HBijLYGyrnTCLa2YQt8VVjjSQD6EfFlTE6aS2Q/b6nb2g==
  dependencies:
    tslib "^2.0.0"

date-fns@^2.29.3:
  version "2.29.3"
  resolved "https://registry.yarnpkg.com/date-fns/-/date-fns-2.29.3.tgz#27402d2fc67eb442b511b70bbdf98e6411cd68a8"
  integrity sha512-dDCnyH2WnnKusqvZZ6+jA1O51Ibt8ZMRNkDZdyAyK4YfbDwa/cEmuztzG5pk6hqlp9aSBPYcjOlktquahGwGeA==

tslib@^2.0.0:
  version "2.4.1"
  resolved "https://registry.yarnpkg.com/tslib/-/tslib-2.4.1.tgz#0d0bfbaac2880b91e22df0768e55be9753a5b17e"
  integrity sha512-tGyy4dAjRIEwI7BzsB0lynWgOpfqjUdq91XXAlIWD2OwKBH7oCl/GZG/HT4BOHrTlPMOASlMQ7veyTqpmRcrNA==

typescript@4.6.3:
  version "4.6.3"
  resolved "https://registry.yarnpkg.com/typescript/-/typescript-4.6.3.tgz#eefeafa6afdd31d725584c67a0eaba80f6fc6c6c"
  integrity sha512-yNIatDa5iaofVozS/uQJEl3JRWLKKGJKh6Yaiv0GLGSuhpFJe7P3SbHZ8/yjAHRQwKRoA6YZqlfjXWmVzoVSMw==
